// !$*UTF8*$!
{
	archiveVersion = 1;
	classes = {
	};
	objectVersion = 48;
	objects = {

/* Begin PBXBuildFile section */
		B408EB7C2055974D00FD7BBC /* AppDelegate.swift in Sources */ = {isa = PBXBuildFile; fileRef = B408EB7B2055974D00FD7BBC /* AppDelegate.swift */; };
		B408EB7E2055974D00FD7BBC /* ViewController.swift in Sources */ = {isa = PBXBuildFile; fileRef = B408EB7D2055974D00FD7BBC /* ViewController.swift */; };
		B408EB812055974D00FD7BBC /* Main.storyboard in Resources */ = {isa = PBXBuildFile; fileRef = B408EB7F2055974D00FD7BBC /* Main.storyboard */; };
		B408EB832055974D00FD7BBC /* Assets.xcassets in Resources */ = {isa = PBXBuildFile; fileRef = B408EB822055974D00FD7BBC /* Assets.xcassets */; };
		B408EB862055974D00FD7BBC /* LaunchScreen.storyboard in Resources */ = {isa = PBXBuildFile; fileRef = B408EB842055974D00FD7BBC /* LaunchScreen.storyboard */; };
/* End PBXBuildFile section */

/* Begin PBXFileReference section */
		B408EB782055974D00FD7BBC /* Add Homework Screen Design.app */ = {isa = PBXFileReference; explicitFileType = wrapper.application; includeInIndex = 0; path = "Add Homework Screen Design.app"; sourceTree = BUILT_PRODUCTS_DIR; };
		B408EB7B2055974D00FD7BBC /* AppDelegate.swift */ = {isa = PBXFileReference; lastKnownFileType = sourcecode.swift; path = AppDelegate.swift; sourceTree = "<group>"; };
		B408EB7D2055974D00FD7BBC /* ViewController.swift */ = {isa = PBXFileReference; lastKnownFileType = sourcecode.swift; path = ViewController.swift; sourceTree = "<group>"; };
		B408EB802055974D00FD7BBC /* Base */ = {isa = PBXFileReference; lastKnownFileType = file.storyboard; name = Base; path = Base.lproj/Main.storyboard; sourceTree = "<group>"; };
		B408EB822055974D00FD7BBC /* Assets.xcassets */ = {isa = PBXFileReference; lastKnownFileType = folder.assetcatalog; path = Assets.xcassets; sourceTree = "<group>"; };
		B408EB852055974D00FD7BBC /* Base */ = {isa = PBXFileReference; lastKnownFileType = file.storyboard; name = Base; path = Base.lproj/LaunchScreen.storyboard; sourceTree = "<group>"; };
		B408EB872055974D00FD7BBC /* Info.plist */ = {isa = PBXFileReference; lastKnownFileType = text.plist.xml; path = Info.plist; sourceTree = "<group>"; };
/* End PBXFileReference section */

/* Begin PBXFrameworksBuildPhase section */
		B408EB752055974D00FD7BBC /* Frameworks */ = {
			isa = PBXFrameworksBuildPhase;
			buildActionMask = 2147483647;
			files = (
			);
			runOnlyForDeploymentPostprocessing = 0;
		};
/* End PBXFrameworksBuildPhase section */

/* Begin PBXGroup section */
		B408EB6F2055974D00FD7BBC = {
			isa = PBXGroup;
			children = (
				B408EB7A2055974D00FD7BBC /* Add Homework Screen Design */,
				B408EB792055974D00FD7BBC /* Products */,
			);
			sourceTree = "<group>";
		};
		B408EB792055974D00FD7BBC /* Products */ = {
			isa = PBXGroup;
			children = (
				B408EB782055974D00FD7BBC /* Add Homework Screen Design.app */,
			);
			name = Products;
			sourceTree = "<group>";
		};
		B408EB7A2055974D00FD7BBC /* Add Homework Screen Design */ = {
			isa = PBXGroup;
			children = (
				B408EB7B2055974D00FD7BBC /* AppDelegate.swift */,
				B408EB7D2055974D00FD7BBC /* ViewController.swift */,
				B408EB7F2055974D00FD7BBC /* Main.storyboard */,
				B408EB822055974D00FD7BBC /* Assets.xcassets */,
				B408EB842055974D00FD7BBC /* LaunchScreen.storyboard */,
				B408EB872055974D00FD7BBC /* Info.plist */,
			);
			path = "Add Homework Screen Design";
			sourceTree = "<group>";
		};
/* End PBXGroup section */

/* Begin PBXNativeTarget section */
		B408EB772055974D00FD7BBC /* Add Homework Screen Design */ = {
			isa = PBXNativeTarget;
			buildConfigurationList = B408EB8A2055974E00FD7BBC /* Build configuration list for PBXNativeTarget "Add Homework Screen Design" */;
			buildPhases = (
				B408EB742055974D00FD7BBC /* Sources */,
				B408EB752055974D00FD7BBC /* Frameworks */,
				B408EB762055974D00FD7BBC /* Resources */,
			);
			buildRules = (
			);
			dependencies = (
			);
			name = "Add Homework Screen Design";
			productName = "Add Homework Screen Design";
			productReference = B408EB782055974D00FD7BBC /* Add Homework Screen Design.app */;
			productType = "com.apple.product-type.application";
		};
/* End PBXNativeTarget section */

/* Begin PBXProject section */
		B408EB702055974D00FD7BBC /* Project object */ = {
			isa = PBXProject;
			attributes = {
				LastSwiftUpdateCheck = 0920;
				LastUpgradeCheck = 0920;
				ORGANIZATIONNAME = "Mahika Gupta";
				TargetAttributes = {
					B408EB772055974D00FD7BBC = {
						CreatedOnToolsVersion = 9.2;
						ProvisioningStyle = Automatic;
					};
				};
			};
			buildConfigurationList = B408EB732055974D00FD7BBC /* Build configuration list for PBXProject "Add Homework Screen Design" */;
			compatibilityVersion = "Xcode 8.0";
			developmentRegion = en;
			hasScannedForEncodings = 0;
			knownRegions = (
				en,
				Base,
			);
			mainGroup = B408EB6F2055974D00FD7BBC;
			productRefGroup = B408EB792055974D00FD7BBC /* Products */;
			projectDirPath = "";
			projectRoot = "";
			targets = (
				B408EB772055974D00FD7BBC /* Add Homework Screen Design */,
			);
		};
/* End PBXProject section */

/* Begin PBXResourcesBuildPhase section */
		B408EB762055974D00FD7BBC /* Resources */ = {
			isa = PBXResourcesBuildPhase;
			buildActionMask = 2147483647;
			files = (
				B408EB862055974D00FD7BBC /* LaunchScreen.storyboard in Resources */,
				B408EB832055974D00FD7BBC /* Assets.xcassets in Resources */,
				B408EB812055974D00FD7BBC /* Main.storyboard in Resources */,
			);
			runOnlyForDeploymentPostprocessing = 0;
		};
/* End PBXResourcesBuildPhase section */

/* Begin PBXSourcesBuildPhase section */
		B408EB742055974D00FD7BBC /* Sources */ = {
			isa = PBXSourcesBuildPhase;
			buildActionMask = 2147483647;
			files = (
				B408EB7E2055974D00FD7BBC /* ViewController.swift in Sources */,
				B408EB7C2055974D00FD7BBC /* AppDelegate.swift in Sources */,
			);
			runOnlyForDeploymentPostprocessing = 0;
		};
/* End PBXSourcesBuildPhase section */

/* Begin PBXVariantGroup section */
		B408EB7F2055974D00FD7BBC /* Main.storyboard */ = {
			isa = PBXVariantGroup;
			children = (
				B408EB802055974D00FD7BBC /* Base */,
			);
			name = Main.storyboard;
			sourceTree = "<group>";
		};
		B408EB842055974D00FD7BBC /* LaunchScreen.storyboard */ = {
			isa = PBXVariantGroup;
			children = (
				B408EB852055974D00FD7BBC /* Base */,
			);
			name = LaunchScreen.storyboard;
			sourceTree = "<group>";
		};
/* End PBXVariantGroup section */

/* Begin XCBuildConfiguration section */
		B408EB882055974D00FD7BBC /* Debug */ = {
			isa = XCBuildConfiguration;
			buildSettings = {
				ALWAYS_SEARCH_USER_PATHS = NO;
				CLANG_ANALYZER_NONNULL = YES;
				CLANG_ANALYZER_NUMBER_OBJECT_CONVERSION = YES_AGGRESSIVE;
				CLANG_CXX_LANGUAGE_STANDARD = "gnu++14";
				CLANG_CXX_LIBRARY = "libc++";
				CLANG_ENABLE_MODULES = YES;
				CLANG_ENABLE_OBJC_ARC = YES;
				CLANG_WARN_BLOCK_CAPTURE_AUTORELEASING = YES;
				CLANG_WARN_BOOL_CONVERSION = YES;
				CLANG_WARN_COMMA = YES;
				CLANG_WARN_CONSTANT_CONVERSION = YES;
				CLANG_WARN_DIRECT_OBJC_ISA_USAGE = YES_ERROR;
				CLANG_WARN_DOCUMENTATION_COMMENTS = YES;
				CLANG_WARN_EMPTY_BODY = YES;
				CLANG_WARN_ENUM_CONVERSION = YES;
				CLANG_WARN_INFINITE_RECURSION = YES;
				CLANG_WARN_INT_CONVERSION = YES;
				CLANG_WARN_NON_LITERAL_NULL_CONVERSION = YES;
				CLANG_WARN_OBJC_LITERAL_CONVERSION = YES;
				CLANG_WARN_OBJC_ROOT_CLASS = YES_ERROR;
				CLANG_WARN_RANGE_LOOP_ANALYSIS = YES;
				CLANG_WARN_STRICT_PROTOTYPES = YES;
				CLANG_WARN_SUSPICIOUS_MOVE = YES;
				CLANG_WARN_UNGUARDED_AVAILABILITY = YES_AGGRESSIVE;
				CLANG_WARN_UNREACHABLE_CODE = YES;
				CLANG_WARN__DUPLICATE_METHOD_MATCH = YES;
				CODE_SIGN_IDENTITY = "iPhone Developer";
				COPY_PHASE_STRIP = NO;
				DEBUG_INFORMATION_FORMAT = dwarf;
				ENABLE_STRICT_OBJC_MSGSEND = YES;
				ENABLE_TESTABILITY = YES;
				GCC_C_LANGUAGE_STANDARD = gnu11;
				GCC_DYNAMIC_NO_PIC = NO;
				GCC_NO_COMMON_BLOCKS = YES;
				GCC_OPTIMIZATION_LEVEL = 0;
				GCC_PREPROCESSOR_DEFINITIONS = (
					"DEBUG=1",
					"$(inherited)",
				);
				GCC_WARN_64_TO_32_BIT_CONVERSION = YES;
				GCC_WARN_ABOUT_RETURN_TYPE = YES_ERROR;
				GCC_WARN_UNDECLARED_SELECTOR = YES;
				GCC_WARN_UNINITIALIZED_AUTOS = YES_AGGRESSIVE;
				GCC_WARN_UNUSED_FUNCTION = YES;
				GCC_WARN_UNUSED_VARIABLE = YES;
				IPHONEOS_DEPLOYMENT_TARGET = 11.2;
				MTL_ENABLE_DEBUG_INFO = YES;
				ONLY_ACTIVE_ARCH = YES;
				SDKROOT = iphoneos;
				SWIFT_ACTIVE_COMPILATION_CONDITIONS = DEBUG;
				SWIFT_OPTIMIZATION_LEVEL = "-Onone";
			};
			name = Debug;
		};
		B408EB892055974D00FD7BBC /* Release */ = {
			isa = XCBuildConfiguration;
			buildSettings = {
				ALWAYS_SEARCH_USER_PATHS = NO;
				CLANG_ANALYZER_NONNULL = YES;
				CLANG_ANALYZER_NUMBER_OBJECT_CONVERSION = YES_AGGRESSIVE;
				CLANG_CXX_LANGUAGE_STANDARD = "gnu++14";
				CLANG_CXX_LIBRARY = "libc++";
				CLANG_ENABLE_MODULES = YES;
				CLANG_ENABLE_OBJC_ARC = YES;
				CLANG_WARN_BLOCK_CAPTURE_AUTORELEASING = YES;
				CLANG_WARN_BOOL_CONVERSION = YES;
				CLANG_WARN_COMMA = YES;
				CLANG_WARN_CONSTANT_CONVERSION = YES;
				CLANG_WARN_DIRECT_OBJC_ISA_USAGE = YES_ERROR;
				CLANG_WARN_DOCUMENTATION_COMMENTS = YES;
				CLANG_WARN_EMPTY_BODY = YES;
				CLANG_WARN_ENUM_CONVERSION = YES;
				CLANG_WARN_INFINITE_RECURSION = YES;
				CLANG_WARN_INT_CONVERSION = YES;
				CLANG_WARN_NON_LITERAL_NULL_CONVERSION = YES;
				CLANG_WARN_OBJC_LITERAL_CONVERSION = YES;
				CLANG_WARN_OBJC_ROOT_CLASS = YES_ERROR;
				CLANG_WARN_RANGE_LOOP_ANALYSIS = YES;
				CLANG_WARN_STRICT_PROTOTYPES = YES;
				CLANG_WARN_SUSPICIOUS_MOVE = YES;
				CLANG_WARN_UNGUARDED_AVAILABILITY = YES_AGGRESSIVE;
				CLANG_WARN_UNREACHABLE_CODE = YES;
				CLANG_WARN__DUPLICATE_METHOD_MATCH = YES;
				CODE_SIGN_IDENTITY = "iPhone Developer";
				COPY_PHASE_STRIP = NO;
				DEBUG_INFORMATION_FORMAT = "dwarf-with-dsym";
				ENABLE_NS_ASSERTIONS = NO;
				ENABLE_STRICT_OBJC_MSGSEND = YES;
				GCC_C_LANGUAGE_STANDARD = gnu11;
				GCC_NO_COMMON_BLOCKS = YES;
				GCC_WARN_64_TO_32_BIT_CONVERSION = YES;
				GCC_WARN_ABOUT_RETURN_TYPE = YES_ERROR;
				GCC_WARN_UNDECLARED_SELECTOR = YES;
				GCC_WARN_UNINITIALIZED_AUTOS = YES_AGGRESSIVE;
				GCC_WARN_UNUSED_FUNCTION = YES;
				GCC_WARN_UNUSED_VARIABLE = YES;
				IPHONEOS_DEPLOYMENT_TARGET = 11.2;
				MTL_ENABLE_DEBUG_INFO = NO;
				SDKROOT = iphoneos;
				SWIFT_OPTIMIZATION_LEVEL = "-Owholemodule";
				VALIDATE_PRODUCT = YES;
			};
			name = Release;
		};
		B408EB8B2055974E00FD7BBC /* Debug */ = {
			isa = XCBuildConfiguration;
			buildSettings = {
				ASSETCATALOG_COMPILER_APPICON_NAME = AppIcon;
				CODE_SIGN_STYLE = Automatic;
				INFOPLIST_FILE = "Add Homework Screen Design/Info.plist";
				LD_RUNPATH_SEARCH_PATHS = "$(inherited) @executable_path/Frameworks";
				PRODUCT_BUNDLE_IDENTIFIER = "com.example.Add-Homework-Screen-Design";
				PRODUCT_NAME = "$(TARGET_NAME)";
				SWIFT_VERSION = 4.0;
				TARGETED_DEVICE_FAMILY = "1,2";
			};
			name = Debug;
		};
		B408EB8C2055974E00FD7BBC /* Release */ = {
			isa = XCBuildConfiguration;
			buildSettings = {
				ASSETCATALOG_COMPILER_APPICON_NAME = AppIcon;
				CODE_SIGN_STYLE = Automatic;
				INFOPLIST_FILE = "Add Homework Screen Design/Info.plist";
				LD_RUNPATH_SEARCH_PATHS = "$(inherited) @executable_path/Frameworks";
				PRODUCT_BUNDLE_IDENTIFIER = "com.example.Add-Homework-Screen-Design";
				PRODUCT_NAME = "$(TARGET_NAME)";
				SWIFT_VERSION = 4.0;
				TARGETED_DEVICE_FAMILY = "1,2";
			};
			name = Release;
		};
/* End XCBuildConfiguration section */

/* Begin XCConfigurationList section */
		B408EB732055974D00FD7BBC /* Build configuration list for PBXProject "Add Homework Screen Design" */ = {
			isa = XCConfigurationList;
			buildConfigurations = (
				B408EB882055974D00FD7BBC /* Debug */,
				B408EB892055974D00FD7BBC /* Release */,
			);
			defaultConfigurationIsVisible = 0;
			defaultConfigurationName = Release;
		};
		B408EB8A2055974E00FD7BBC /* Build configuration list for PBXNativeTarget "Add Homework Screen Design" */ = {
			isa = XCConfigurationList;
			buildConfigurations = (
				B408EB8B2055974E00FD7BBC /* Debug */,
				B408EB8C2055974E00FD7BBC /* Release */,
			);
			defaultConfigurationIsVisible = 0;
			defaultConfigurationName = Release;
		};
/* End XCConfigurationList section */
	};
	rootObject = B408EB702055974D00FD7BBC /* Project object */;
}
